
Microsoft Visual Studio Solution File, Format Version 12.00
# Visual Studio Version 17
VisualStudioVersion = 17.2.32616.157
MinimumVisualStudioVersion = 10.0.40219.1
Project("{8BC9CEB8-8B4A-11D0-8D11-00A0C91BC942}") = "class", "class\class.vcxproj", "{8F5CDFDF-FF94-4942-A5D9-C1C63727E8F9}"
EndProject
Project("{8BC9CEB8-8B4A-11D0-8D11-00A0C91BC942}") = "Test_Time", "..\Test_Time\Test_Time.vcxproj", "{72EB7A8D-ECFB-4CA7-9C35-16B93FDFCEE2}"
EndProject
Global
	GlobalSection(SolutionConfigurationPlatforms) = preSolution
		Debug|x64 = Debug|x64
		Debug|x86 = Debug|x86
		Release|x64 = Release|x64
		Release|x86 = Release|x86
	EndGlobalSection
	GlobalSection(ProjectConfigurationPlatforms) = postSolution
		{8F5CDFDF-FF94-4942-A5D9-C1C63727E8F9}.Debug|x64.ActiveCfg = Debug|x64
		{8F5CDFDF-FF94-4942-A5D9-C1C63727E8F9}.Debug|x64.Build.0 = Debug|x64
		{8F5CDFDF-FF94-4942-A5D9-C1C63727E8F9}.Debug|x86.ActiveCfg = Debug|Win32
		{8F5CDFDF-FF94-4942-A5D9-C1C63727E8F9}.Debug|x86.Build.0 = Debug|Win32
		{8F5CDFDF-FF94-4942-A5D9-C1C63727E8F9}.Release|x64.ActiveCfg = Release|x64
		{8F5CDFDF-FF94-4942-A5D9-C1C63727E8F9}.Release|x64.Build.0 = Release|x64
		{8F5CDFDF-FF94-4942-A5D9-C1C63727E8F9}.Release|x86.ActiveCfg = Release|Win32
		{8F5CDFDF-FF94-4942-A5D9-C1C63727E8F9}.Release|x86.Build.0 = Release|Win32
		{72EB7A8D-ECFB-4CA7-9C35-16B93FDFCEE2}.Debug|x64.ActiveCfg = Debug|x64
		{72EB7A8D-ECFB-4CA7-9C35-16B93FDFCEE2}.Debug|x64.Build.0 = Debug|x64
		{72EB7A8D-ECFB-4CA7-9C35-16B93FDFCEE2}.Debug|x86.ActiveCfg = Debug|Win32
		{72EB7A8D-ECFB-4CA7-9C35-16B93FDFCEE2}.Debug|x86.Build.0 = Debug|Win32
		{72EB7A8D-ECFB-4CA7-9C35-16B93FDFCEE2}.Release|x64.ActiveCfg = Release|x64
		{72EB7A8D-ECFB-4CA7-9C35-16B93FDFCEE2}.Release|x64.Build.0 = Release|x64
		{72EB7A8D-ECFB-4CA7-9C35-16B93FDFCEE2}.Release|x86.ActiveCfg = Release|Win32
		{72EB7A8D-ECFB-4CA7-9C35-16B93FDFCEE2}.Release|x86.Build.0 = Release|Win32
	EndGlobalSection
	GlobalSection(SolutionProperties) = preSolution
		HideSolutionNode = FALSE
	EndGlobalSection
	GlobalSection(ExtensibilityGlobals) = postSolution
		SolutionGuid = {6E0F6ABA-C242-47BD-ABC4-0929E4D8BC52}
	EndGlobalSection
EndGlobal
